
Microsoft Visual Studio Solution File, Format Version 12.00
# Visual Studio Version 16
VisualStudioVersion = 16.0.30503.244
MinimumVisualStudioVersion = 10.0.40219.1
Project("{FAE04EC0-301F-11D3-BF4B-00C04F79EFBC}") = "XMLWorkHome", "XMLWorkHome\XMLWorkHome.csproj", "{C9E1315B-21EC-484C-93D8-259140E8A82C}"
EndProject
Global
	GlobalSection(SolutionConfigurationPlatforms) = preSolution
		Debug|Any CPU = Debug|Any CPU
		Release|Any CPU = Release|Any CPU
	EndGlobalSection
	GlobalSection(ProjectConfigurationPlatforms) = postSolution
		{C9E1315B-21EC-484C-93D8-259140E8A82C}.Debug|Any CPU.ActiveCfg = Debug|Any CPU
		{C9E1315B-21EC-484C-93D8-259140E8A82C}.Debug|Any CPU.Build.0 = Debug|Any CPU
		{C9E1315B-21EC-484C-93D8-259140E8A82C}.Release|Any CPU.ActiveCfg = Release|Any CPU
		{C9E1315B-21EC-484C-93D8-259140E8A82C}.Release|Any CPU.Build.0 = Release|Any CPU
	EndGlobalSection
	GlobalSection(SolutionProperties) = preSolution
		HideSolutionNode = FALSE
	EndGlobalSection
	GlobalSection(ExtensibilityGlobals) = postSolution
		SolutionGuid = {FFBC813D-9E07-4095-97D8-9936114E9A08}
	EndGlobalSection
EndGlobal
