
Microsoft Visual Studio Solution File, Format Version 12.00
# Visual Studio Version 16
VisualStudioVersion = 16.0.31313.79
MinimumVisualStudioVersion = 10.0.40219.1
Project("{FAE04EC0-301F-11D3-BF4B-00C04F79EFBC}") = "QueueInTheStore", "QueueInTheStore\QueueInTheStore.csproj", "{10BA8711-2036-4EAA-8273-10D6D80D56FD}"
EndProject
Global
	GlobalSection(SolutionConfigurationPlatforms) = preSolution
		Debug|Any CPU = Debug|Any CPU
		Release|Any CPU = Release|Any CPU
	EndGlobalSection
	GlobalSection(ProjectConfigurationPlatforms) = postSolution
		{10BA8711-2036-4EAA-8273-10D6D80D56FD}.Debug|Any CPU.ActiveCfg = Debug|Any CPU
		{10BA8711-2036-4EAA-8273-10D6D80D56FD}.Debug|Any CPU.Build.0 = Debug|Any CPU
		{10BA8711-2036-4EAA-8273-10D6D80D56FD}.Release|Any CPU.ActiveCfg = Release|Any CPU
		{10BA8711-2036-4EAA-8273-10D6D80D56FD}.Release|Any CPU.Build.0 = Release|Any CPU
	EndGlobalSection
	GlobalSection(SolutionProperties) = preSolution
		HideSolutionNode = FALSE
	EndGlobalSection
	GlobalSection(ExtensibilityGlobals) = postSolution
		SolutionGuid = {57F8253F-E542-4495-860C-BE2A78E0CAAA}
	EndGlobalSection
EndGlobal
