
Microsoft Visual Studio Solution File, Format Version 12.00
# Visual Studio Version 16
VisualStudioVersion = 16.0.30503.244
MinimumVisualStudioVersion = 10.0.40219.1
Project("{FAE04EC0-301F-11D3-BF4B-00C04F79EFBC}") = "Tamagochic", "ConsoleApp1аааааааааааааааааааааааааааааааа\Tamagochic.csproj", "{DBBF3446-4A8F-495E-8E96-D0F340B94CAF}"
EndProject
Global
	GlobalSection(SolutionConfigurationPlatforms) = preSolution
		Debug|Any CPU = Debug|Any CPU
		Release|Any CPU = Release|Any CPU
	EndGlobalSection
	GlobalSection(ProjectConfigurationPlatforms) = postSolution
		{DBBF3446-4A8F-495E-8E96-D0F340B94CAF}.Debug|Any CPU.ActiveCfg = Debug|Any CPU
		{DBBF3446-4A8F-495E-8E96-D0F340B94CAF}.Debug|Any CPU.Build.0 = Debug|Any CPU
		{DBBF3446-4A8F-495E-8E96-D0F340B94CAF}.Release|Any CPU.ActiveCfg = Release|Any CPU
		{DBBF3446-4A8F-495E-8E96-D0F340B94CAF}.Release|Any CPU.Build.0 = Release|Any CPU
	EndGlobalSection
	GlobalSection(SolutionProperties) = preSolution
		HideSolutionNode = FALSE
	EndGlobalSection
	GlobalSection(ExtensibilityGlobals) = postSolution
		SolutionGuid = {6CAA9173-DC7B-4ACC-B130-A32F8D3AD85C}
	EndGlobalSection
EndGlobal
